
Microsoft Visual Studio Solution File, Format Version 12.00
Project("{FAE04EC0-301F-11D3-BF4B-00C04F79EFBC}") = "Solutions", "Solutions\Solutions.csproj", "{FF7645A8-6D3A-400A-9A12-633926D90A2A}"
EndProject
Project("{FAE04EC0-301F-11D3-BF4B-00C04F79EFBC}") = "Tests", "Tests\Tests.csproj", "{506F5EF5-F425-406A-8560-090B4E95A8FA}"
EndProject
Global
	GlobalSection(SolutionConfigurationPlatforms) = preSolution
		Debug|Any CPU = Debug|Any CPU
		Release|Any CPU = Release|Any CPU
	EndGlobalSection
	GlobalSection(ProjectConfigurationPlatforms) = postSolution
		{FF7645A8-6D3A-400A-9A12-633926D90A2A}.Debug|Any CPU.ActiveCfg = Debug|Any CPU
		{FF7645A8-6D3A-400A-9A12-633926D90A2A}.Debug|Any CPU.Build.0 = Debug|Any CPU
		{FF7645A8-6D3A-400A-9A12-633926D90A2A}.Release|Any CPU.ActiveCfg = Release|Any CPU
		{FF7645A8-6D3A-400A-9A12-633926D90A2A}.Release|Any CPU.Build.0 = Release|Any CPU
		{506F5EF5-F425-406A-8560-090B4E95A8FA}.Debug|Any CPU.ActiveCfg = Debug|Any CPU
		{506F5EF5-F425-406A-8560-090B4E95A8FA}.Debug|Any CPU.Build.0 = Debug|Any CPU
		{506F5EF5-F425-406A-8560-090B4E95A8FA}.Release|Any CPU.ActiveCfg = Release|Any CPU
		{506F5EF5-F425-406A-8560-090B4E95A8FA}.Release|Any CPU.Build.0 = Release|Any CPU
	EndGlobalSection
EndGlobal
